
Microsoft Visual Studio Solution File, Format Version 12.00
# Visual Studio Version 16
VisualStudioVersion = 16.0.31205.134
MinimumVisualStudioVersion = 10.0.40219.1
Project("{8BC9CEB8-8B4A-11D0-8D11-00A0C91BC942}") = "EldenRingEacToggler", "EldenRingEacToggler.vcxproj", "{6CA9EC08-2C33-40FB-AE69-114AC5339F2C}"
EndProject
Project("{8BC9CEB8-8B4A-11D0-8D11-00A0C91BC942}") = "WinHttpProxyDLL", "..\WinHttpProxyDLL\WinHttpProxyDLL.vcxproj", "{353F8E92-D406-44AF-9D55-46C75B349B2E}"
EndProject
Project("{8BC9CEB8-8B4A-11D0-8D11-00A0C91BC942}") = "OfflineLauncher", "..\OfflineLauncher\OfflineLauncher.vcxproj", "{72F9A720-43D9-48E2-A71F-5380B393813F}"
EndProject
Global
	GlobalSection(SolutionConfigurationPlatforms) = preSolution
		Release|x64 = Release|x64
	EndGlobalSection
	GlobalSection(ProjectConfigurationPlatforms) = postSolution
		{6CA9EC08-2C33-40FB-AE69-114AC5339F2C}.Release|x64.ActiveCfg = Release|x64
		{6CA9EC08-2C33-40FB-AE69-114AC5339F2C}.Release|x64.Build.0 = Release|x64
		{353F8E92-D406-44AF-9D55-46C75B349B2E}.Release|x64.ActiveCfg = Release|x64
		{353F8E92-D406-44AF-9D55-46C75B349B2E}.Release|x64.Build.0 = Release|x64
		{72F9A720-43D9-48E2-A71F-5380B393813F}.Release|x64.ActiveCfg = Release|x64
		{72F9A720-43D9-48E2-A71F-5380B393813F}.Release|x64.Build.0 = Release|x64
	EndGlobalSection
	GlobalSection(SolutionProperties) = preSolution
		HideSolutionNode = FALSE
	EndGlobalSection
	GlobalSection(ExtensibilityGlobals) = postSolution
		SolutionGuid = {66C15F7D-0259-4288-944A-F1A847CECF8B}
	EndGlobalSection
EndGlobal
